
Microsoft Visual Studio Solution File, Format Version 12.00
# Visual Studio Version 17
VisualStudioVersion = 17.7.34003.232
MinimumVisualStudioVersion = 10.0.40219.1
Project("{FAE04EC0-301F-11D3-BF4B-00C04F79EFBC}") = "Calculadora", "Calculadora.csproj", "{F31B8AD8-B2CE-4A4B-B259-AF797153B990}"
EndProject
Project("{FAE04EC0-301F-11D3-BF4B-00C04F79EFBC}") = "Operadores", "..\Operadores\Operadores.csproj", "{6AC5E393-3030-47F6-B4E5-FB062AE7607E}"
EndProject
Project("{FAE04EC0-301F-11D3-BF4B-00C04F79EFBC}") = "Atribuicao", "..\Atribuicao\Atribuicao.csproj", "{707D74C3-522D-4B09-A078-2A3F74396896}"
EndProject
Project("{FAE04EC0-301F-11D3-BF4B-00C04F79EFBC}") = "Exercicio1", "..\Exercicio1\Exercicio1.csproj", "{DEA0799A-C4DC-4A81-8632-2F09A631139B}"
EndProject
Project("{FAE04EC0-301F-11D3-BF4B-00C04F79EFBC}") = "Exercicio2", "..\Exercicio2\Exercicio2.csproj", "{DB2FA66E-D76B-4673-A80A-03AB1A87DA41}"
EndProject
Project("{FAE04EC0-301F-11D3-BF4B-00C04F79EFBC}") = "Exercicio3", "..\Exercicio3\Exercicio3.csproj", "{0A59829D-F76E-4087-82B4-C04DECAE8F6C}"
EndProject
Project("{FAE04EC0-301F-11D3-BF4B-00C04F79EFBC}") = "Exercicio4", "..\Exercicio4\Exercicio4.csproj", "{D0A9664B-347F-4A87-A80F-891D5774D050}"
EndProject
Global
	GlobalSection(SolutionConfigurationPlatforms) = preSolution
		Debug|Any CPU = Debug|Any CPU
		Release|Any CPU = Release|Any CPU
	EndGlobalSection
	GlobalSection(ProjectConfigurationPlatforms) = postSolution
		{F31B8AD8-B2CE-4A4B-B259-AF797153B990}.Debug|Any CPU.ActiveCfg = Debug|Any CPU
		{F31B8AD8-B2CE-4A4B-B259-AF797153B990}.Debug|Any CPU.Build.0 = Debug|Any CPU
		{F31B8AD8-B2CE-4A4B-B259-AF797153B990}.Release|Any CPU.ActiveCfg = Release|Any CPU
		{F31B8AD8-B2CE-4A4B-B259-AF797153B990}.Release|Any CPU.Build.0 = Release|Any CPU
		{6AC5E393-3030-47F6-B4E5-FB062AE7607E}.Debug|Any CPU.ActiveCfg = Debug|Any CPU
		{6AC5E393-3030-47F6-B4E5-FB062AE7607E}.Debug|Any CPU.Build.0 = Debug|Any CPU
		{6AC5E393-3030-47F6-B4E5-FB062AE7607E}.Release|Any CPU.ActiveCfg = Release|Any CPU
		{6AC5E393-3030-47F6-B4E5-FB062AE7607E}.Release|Any CPU.Build.0 = Release|Any CPU
		{707D74C3-522D-4B09-A078-2A3F74396896}.Debug|Any CPU.ActiveCfg = Debug|Any CPU
		{707D74C3-522D-4B09-A078-2A3F74396896}.Debug|Any CPU.Build.0 = Debug|Any CPU
		{707D74C3-522D-4B09-A078-2A3F74396896}.Release|Any CPU.ActiveCfg = Release|Any CPU
		{707D74C3-522D-4B09-A078-2A3F74396896}.Release|Any CPU.Build.0 = Release|Any CPU
		{DEA0799A-C4DC-4A81-8632-2F09A631139B}.Debug|Any CPU.ActiveCfg = Debug|Any CPU
		{DEA0799A-C4DC-4A81-8632-2F09A631139B}.Debug|Any CPU.Build.0 = Debug|Any CPU
		{DEA0799A-C4DC-4A81-8632-2F09A631139B}.Release|Any CPU.ActiveCfg = Release|Any CPU
		{DEA0799A-C4DC-4A81-8632-2F09A631139B}.Release|Any CPU.Build.0 = Release|Any CPU
		{DB2FA66E-D76B-4673-A80A-03AB1A87DA41}.Debug|Any CPU.ActiveCfg = Debug|Any CPU
		{DB2FA66E-D76B-4673-A80A-03AB1A87DA41}.Debug|Any CPU.Build.0 = Debug|Any CPU
		{DB2FA66E-D76B-4673-A80A-03AB1A87DA41}.Release|Any CPU.ActiveCfg = Release|Any CPU
		{DB2FA66E-D76B-4673-A80A-03AB1A87DA41}.Release|Any CPU.Build.0 = Release|Any CPU
		{0A59829D-F76E-4087-82B4-C04DECAE8F6C}.Debug|Any CPU.ActiveCfg = Debug|Any CPU
		{0A59829D-F76E-4087-82B4-C04DECAE8F6C}.Debug|Any CPU.Build.0 = Debug|Any CPU
		{0A59829D-F76E-4087-82B4-C04DECAE8F6C}.Release|Any CPU.ActiveCfg = Release|Any CPU
		{0A59829D-F76E-4087-82B4-C04DECAE8F6C}.Release|Any CPU.Build.0 = Release|Any CPU
		{D0A9664B-347F-4A87-A80F-891D5774D050}.Debug|Any CPU.ActiveCfg = Debug|Any CPU
		{D0A9664B-347F-4A87-A80F-891D5774D050}.Debug|Any CPU.Build.0 = Debug|Any CPU
		{D0A9664B-347F-4A87-A80F-891D5774D050}.Release|Any CPU.ActiveCfg = Release|Any CPU
		{D0A9664B-347F-4A87-A80F-891D5774D050}.Release|Any CPU.Build.0 = Release|Any CPU
	EndGlobalSection
	GlobalSection(SolutionProperties) = preSolution
		HideSolutionNode = FALSE
	EndGlobalSection
	GlobalSection(ExtensibilityGlobals) = postSolution
		SolutionGuid = {FDDF80C9-1286-411C-9008-F168217900BC}
	EndGlobalSection
EndGlobal
